依赖查找 VS 依赖注入

类型      依赖处理        实现便利性       代码入侵性       API依赖性      可读性
查找      主动获取        繁琐             侵入业务逻辑       大           好
注入      被动提供        便利              弱               小           不好


Spring IOC 依赖查找
    根据Bean名称查找
        实时查找
        延时查找
    根据类型查找
        单个Bean查找
        集合Bean查找
    根据Bean名称+类型查找
    根据Java注解查找
        单个Bean查找
        集合Bean查找




